
Microsoft Visual Studio Solution File, Format Version 12.00
# Visual Studio Version 17
VisualStudioVersion = 17.0.31903.59
MinimumVisualStudioVersion = 10.0.40219.1
Project("{F2A71F9B-5D33-465A-A702-920D77279786}") = "day_21", "day_21.fsproj", "{3A6F3FE5-D0CA-4360-9349-15C9129E1F88}"
EndProject
Global
	GlobalSection(SolutionConfigurationPlatforms) = preSolution
		Debug|Any CPU = Debug|Any CPU
		Release|Any CPU = Release|Any CPU
	EndGlobalSection
	GlobalSection(SolutionProperties) = preSolution
		HideSolutionNode = FALSE
	EndGlobalSection
	GlobalSection(ProjectConfigurationPlatforms) = postSolution
		{3A6F3FE5-D0CA-4360-9349-15C9129E1F88}.Debug|Any CPU.ActiveCfg = Debug|Any CPU
		{3A6F3FE5-D0CA-4360-9349-15C9129E1F88}.Debug|Any CPU.Build.0 = Debug|Any CPU
		{3A6F3FE5-D0CA-4360-9349-15C9129E1F88}.Release|Any CPU.ActiveCfg = Release|Any CPU
		{3A6F3FE5-D0CA-4360-9349-15C9129E1F88}.Release|Any CPU.Build.0 = Release|Any CPU
	EndGlobalSection
EndGlobal
